// !$*UTF8*$!
{
	archiveVersion = 1;
	classes = {
	};
	objectVersion = 48;
	objects = {

/* Begin PBXBuildFile section */
		724F15F41EE8FC180098720E /* AppDelegate.swift in Sources */ = {isa = PBXBuildFile; fileRef = 724F15F31EE8FC180098720E /* AppDelegate.swift */; };
		724F15F61EE8FC180098720E /* ViewController.swift in Sources */ = {isa = PBXBuildFile; fileRef = 724F15F51EE8FC180098720E /* ViewController.swift */; };
		724F15F91EE8FC180098720E /* Main.storyboard in Resources */ = {isa = PBXBuildFile; fileRef = 724F15F71EE8FC180098720E /* Main.storyboard */; };
		724F15FB1EE8FC180098720E /* Assets.xcassets in Resources */ = {isa = PBXBuildFile; fileRef = 724F15FA1EE8FC180098720E /* Assets.xcassets */; };
		724F15FE1EE8FC180098720E /* LaunchScreen.storyboard in Resources */ = {isa = PBXBuildFile; fileRef = 724F15FC1EE8FC180098720E /* LaunchScreen.storyboard */; };
		724F160A1EE94A190098720E /* GoogLeNetPlaces.mlmodel in Sources */ = {isa = PBXBuildFile; fileRef = 724F16091EE94A190098720E /* GoogLeNetPlaces.mlmodel */; };
/* End PBXBuildFile section */

/* Begin PBXFileReference section */
		724F15F01EE8FC180098720E /* SenceDetectDemo.app */ = {isa = PBXFileReference; explicitFileType = wrapper.application; includeInIndex = 0; path = SenceDetectDemo.app; sourceTree = BUILT_PRODUCTS_DIR; };
		724F15F31EE8FC180098720E /* AppDelegate.swift */ = {isa = PBXFileReference; lastKnownFileType = sourcecode.swift; path = AppDelegate.swift; sourceTree = "<group>"; };
		724F15F51EE8FC180098720E /* ViewController.swift */ = {isa = PBXFileReference; lastKnownFileType = sourcecode.swift; path = ViewController.swift; sourceTree = "<group>"; };
		724F15F81EE8FC180098720E /* Base */ = {isa = PBXFileReference; lastKnownFileType = file.storyboard; name = Base; path = Base.lproj/Main.storyboard; sourceTree = "<group>"; };
		724F15FA1EE8FC180098720E /* Assets.xcassets */ = {isa = PBXFileReference; lastKnownFileType = folder.assetcatalog; path = Assets.xcassets; sourceTree = "<group>"; };
		724F15FD1EE8FC180098720E /* Base */ = {isa = PBXFileReference; lastKnownFileType = file.storyboard; name = Base; path = Base.lproj/LaunchScreen.storyboard; sourceTree = "<group>"; };
		724F15FF1EE8FC180098720E /* Info.plist */ = {isa = PBXFileReference; lastKnownFileType = text.plist.xml; path = Info.plist; sourceTree = "<group>"; };
		724F16091EE94A190098720E /* GoogLeNetPlaces.mlmodel */ = {isa = PBXFileReference; lastKnownFileType = file.mlmodel; name = GoogLeNetPlaces.mlmodel; path = ../../GoogLeNetPlaces.mlmodel; sourceTree = "<group>"; };
/* End PBXFileReference section */

/* Begin PBXFrameworksBuildPhase section */
		724F15ED1EE8FC180098720E /* Frameworks */ = {
			isa = PBXFrameworksBuildPhase;
			buildActionMask = 2147483647;
			files = (
			);
			runOnlyForDeploymentPostprocessing = 0;
		};
/* End PBXFrameworksBuildPhase section */

/* Begin PBXGroup section */
		724F15E71EE8FC180098720E = {
			isa = PBXGroup;
			children = (
				724F15F21EE8FC180098720E /* SenceDetectDemo */,
				724F15F11EE8FC180098720E /* Products */,
			);
			sourceTree = "<group>";
		};
		724F15F11EE8FC180098720E /* Products */ = {
			isa = PBXGroup;
			children = (
				724F15F01EE8FC180098720E /* SenceDetectDemo.app */,
			);
			name = Products;
			sourceTree = "<group>";
		};
		724F15F21EE8FC180098720E /* SenceDetectDemo */ = {
			isa = PBXGroup;
			children = (
				724F16091EE94A190098720E /* GoogLeNetPlaces.mlmodel */,
				724F15F31EE8FC180098720E /* AppDelegate.swift */,
				724F15F51EE8FC180098720E /* ViewController.swift */,
				724F15F71EE8FC180098720E /* Main.storyboard */,
				724F15FA1EE8FC180098720E /* Assets.xcassets */,
				724F15FC1EE8FC180098720E /* LaunchScreen.storyboard */,
				724F15FF1EE8FC180098720E /* Info.plist */,
			);
			path = SenceDetectDemo;
			sourceTree = "<group>";
		};
/* End PBXGroup section */

/* Begin PBXNativeTarget section */
		724F15EF1EE8FC180098720E /* SenceDetectDemo */ = {
			isa = PBXNativeTarget;
			buildConfigurationList = 724F16021EE8FC180098720E /* Build configuration list for PBXNativeTarget "SenceDetectDemo" */;
			buildPhases = (
				724F15EC1EE8FC180098720E /* Sources */,
				724F15ED1EE8FC180098720E /* Frameworks */,
				724F15EE1EE8FC180098720E /* Resources */,
			);
			buildRules = (
			);
			dependencies = (
			);
			name = SenceDetectDemo;
			productName = SenceDetectDemo;
			productReference = 724F15F01EE8FC180098720E /* SenceDetectDemo.app */;
			productType = "com.apple.product-type.application";
		};
/* End PBXNativeTarget section */

/* Begin PBXProject section */
		724F15E81EE8FC180098720E /* Project object */ = {
			isa = PBXProject;
			attributes = {
				LastSwiftUpdateCheck = 0900;
				LastUpgradeCheck = 0900;
				ORGANIZATIONNAME = Jaye;
				TargetAttributes = {
					724F15EF1EE8FC180098720E = {
						CreatedOnToolsVersion = 9.0;
					};
				};
			};
			buildConfigurationList = 724F15EB1EE8FC180098720E /* Build configuration list for PBXProject "SenceDetectDemo" */;
			compatibilityVersion = "Xcode 8.0";
			developmentRegion = en;
			hasScannedForEncodings = 0;
			knownRegions = (
				en,
				Base,
			);
			mainGroup = 724F15E71EE8FC180098720E;
			productRefGroup = 724F15F11EE8FC180098720E /* Products */;
			projectDirPath = "";
			projectRoot = "";
			targets = (
				724F15EF1EE8FC180098720E /* SenceDetectDemo */,
			);
		};
/* End PBXProject section */

/* Begin PBXResourcesBuildPhase section */
		724F15EE1EE8FC180098720E /* Resources */ = {
			isa = PBXResourcesBuildPhase;
			buildActionMask = 2147483647;
			files = (
				724F15FE1EE8FC180098720E /* LaunchScreen.storyboard in Resources */,
				724F15FB1EE8FC180098720E /* Assets.xcassets in Resources */,
				724F15F91EE8FC180098720E /* Main.storyboard in Resources */,
			);
			runOnlyForDeploymentPostprocessing = 0;
		};
/* End PBXResourcesBuildPhase section */

/* Begin PBXSourcesBuildPhase section */
		724F15EC1EE8FC180098720E /* Sources */ = {
			isa = PBXSourcesBuildPhase;
			buildActionMask = 2147483647;
			files = (
				724F15F61EE8FC180098720E /* ViewController.swift in Sources */,
				724F15F41EE8FC180098720E /* AppDelegate.swift in Sources */,
				724F160A1EE94A190098720E /* GoogLeNetPlaces.mlmodel in Sources */,
			);
			runOnlyForDeploymentPostprocessing = 0;
		};
/* End PBXSourcesBuildPhase section */

/* Begin PBXVariantGroup section */
		724F15F71EE8FC180098720E /* Main.storyboard */ = {
			isa = PBXVariantGroup;
			children = (
				724F15F81EE8FC180098720E /* Base */,
			);
			name = Main.storyboard;
			sourceTree = "<group>";
		};
		724F15FC1EE8FC180098720E /* LaunchScreen.storyboard */ = {
			isa = PBXVariantGroup;
			children = (
				724F15FD1EE8FC180098720E /* Base */,
			);
			name = LaunchScreen.storyboard;
			sourceTree = "<group>";
		};
/* End PBXVariantGroup section */

/* Begin XCBuildConfiguration section */
		724F16001EE8FC180098720E /* Debug */ = {
			isa = XCBuildConfiguration;
			buildSettings = {
				ALWAYS_SEARCH_USER_PATHS = NO;
				CLANG_ANALYZER_NONNULL = YES;
				CLANG_ANALYZER_NUMBER_OBJECT_CONVERSION = YES_AGGRESSIVE;
				CLANG_CXX_LANGUAGE_STANDARD = "gnu++14";
				CLANG_CXX_LIBRARY = "libc++";
				CLANG_ENABLE_MODULES = YES;
				CLANG_ENABLE_OBJC_ARC = YES;
				CLANG_WARN_BLOCK_CAPTURE_AUTORELEASING = YES;
				CLANG_WARN_BOOL_CONVERSION = YES;
				CLANG_WARN_COMMA = YES;
				CLANG_WARN_CONSTANT_CONVERSION = YES;
				CLANG_WARN_DIRECT_OBJC_ISA_USAGE = YES_ERROR;
				CLANG_WARN_DOCUMENTATION_COMMENTS = YES;
				CLANG_WARN_EMPTY_BODY = YES;
				CLANG_WARN_ENUM_CONVERSION = YES;
				CLANG_WARN_INFINITE_RECURSION = YES;
				CLANG_WARN_INT_CONVERSION = YES;
				CLANG_WARN_OBJC_ROOT_CLASS = YES_ERROR;
				CLANG_WARN_RANGE_LOOP_ANALYSIS = YES;
				CLANG_WARN_STRICT_PROTOTYPES = YES;
				CLANG_WARN_SUSPICIOUS_MOVE = YES;
				CLANG_WARN_UNGUARDED_AVAILABILITY = YES_AGGRESSIVE;
				CLANG_WARN_UNREACHABLE_CODE = YES;
				CLANG_WARN__DUPLICATE_METHOD_MATCH = YES;
				CODE_SIGN_IDENTITY = "iPhone Developer";
				COPY_PHASE_STRIP = NO;
				DEBUG_INFORMATION_FORMAT = dwarf;
				ENABLE_STRICT_OBJC_MSGSEND = YES;
				ENABLE_TESTABILITY = YES;
				GCC_C_LANGUAGE_STANDARD = gnu11;
				GCC_DYNAMIC_NO_PIC = NO;
				GCC_NO_COMMON_BLOCKS = YES;
				GCC_OPTIMIZATION_LEVEL = 0;
				GCC_PREPROCESSOR_DEFINITIONS = (
					"DEBUG=1",
					"$(inherited)",
				);
				GCC_WARN_64_TO_32_BIT_CONVERSION = YES;
				GCC_WARN_ABOUT_RETURN_TYPE = YES_ERROR;
				GCC_WARN_UNDECLARED_SELECTOR = YES;
				GCC_WARN_UNINITIALIZED_AUTOS = YES_AGGRESSIVE;
				GCC_WARN_UNUSED_FUNCTION = YES;
				GCC_WARN_UNUSED_VARIABLE = YES;
				IPHONEOS_DEPLOYMENT_TARGET = 11.0;
				MTL_ENABLE_DEBUG_INFO = YES;
				ONLY_ACTIVE_ARCH = YES;
				SDKROOT = iphoneos;
				SWIFT_ACTIVE_COMPILATION_CONDITIONS = DEBUG;
				SWIFT_OPTIMIZATION_LEVEL = "-Onone";
			};
			name = Debug;
		};
		724F16011EE8FC180098720E /* Release */ = {
			isa = XCBuildConfiguration;
			buildSettings = {
				ALWAYS_SEARCH_USER_PATHS = NO;
				CLANG_ANALYZER_NONNULL = YES;
				CLANG_ANALYZER_NUMBER_OBJECT_CONVERSION = YES_AGGRESSIVE;
				CLANG_CXX_LANGUAGE_STANDARD = "gnu++14";
				CLANG_CXX_LIBRARY = "libc++";
				CLANG_ENABLE_MODULES = YES;
				CLANG_ENABLE_OBJC_ARC = YES;
				CLANG_WARN_BLOCK_CAPTURE_AUTORELEASING = YES;
				CLANG_WARN_BOOL_CONVERSION = YES;
				CLANG_WARN_COMMA = YES;
				CLANG_WARN_CONSTANT_CONVERSION = YES;
				CLANG_WARN_DIRECT_OBJC_ISA_USAGE = YES_ERROR;
				CLANG_WARN_DOCUMENTATION_COMMENTS = YES;
				CLANG_WARN_EMPTY_BODY = YES;
				CLANG_WARN_ENUM_CONVERSION = YES;
				CLANG_WARN_INFINITE_RECURSION = YES;
				CLANG_WARN_INT_CONVERSION = YES;
				CLANG_WARN_OBJC_ROOT_CLASS = YES_ERROR;
				CLANG_WARN_RANGE_LOOP_ANALYSIS = YES;
				CLANG_WARN_STRICT_PROTOTYPES = YES;
				CLANG_WARN_SUSPICIOUS_MOVE = YES;
				CLANG_WARN_UNGUARDED_AVAILABILITY = YES_AGGRESSIVE;
				CLANG_WARN_UNREACHABLE_CODE = YES;
				CLANG_WARN__DUPLICATE_METHOD_MATCH = YES;
				CODE_SIGN_IDENTITY = "iPhone Developer";
				COPY_PHASE_STRIP = NO;
				DEBUG_INFORMATION_FORMAT = "dwarf-with-dsym";
				ENABLE_NS_ASSERTIONS = NO;
				ENABLE_STRICT_OBJC_MSGSEND = YES;
				GCC_C_LANGUAGE_STANDARD = gnu11;
				GCC_NO_COMMON_BLOCKS = YES;
				GCC_WARN_64_TO_32_BIT_CONVERSION = YES;
				GCC_WARN_ABOUT_RETURN_TYPE = YES_ERROR;
				GCC_WARN_UNDECLARED_SELECTOR = YES;
				GCC_WARN_UNINITIALIZED_AUTOS = YES_AGGRESSIVE;
				GCC_WARN_UNUSED_FUNCTION = YES;
				GCC_WARN_UNUSED_VARIABLE = YES;
				IPHONEOS_DEPLOYMENT_TARGET = 11.0;
				MTL_ENABLE_DEBUG_INFO = NO;
				SDKROOT = iphoneos;
				SWIFT_OPTIMIZATION_LEVEL = "-Owholemodule";
				VALIDATE_PRODUCT = YES;
			};
			name = Release;
		};
		724F16031EE8FC180098720E /* Debug */ = {
			isa = XCBuildConfiguration;
			buildSettings = {
				ASSETCATALOG_COMPILER_APPICON_NAME = AppIcon;
				DEVELOPMENT_TEAM = JF549H673D;
				INFOPLIST_FILE = SenceDetectDemo/Info.plist;
				LD_RUNPATH_SEARCH_PATHS = "$(inherited) @executable_path/Frameworks";
				PRODUCT_BUNDLE_IDENTIFIER = com.tion126.demo.SenceDetectDemo;
				PRODUCT_NAME = "$(TARGET_NAME)";
				SWIFT_VERSION = 4.0;
				TARGETED_DEVICE_FAMILY = "1,2";
			};
			name = Debug;
		};
		724F16041EE8FC180098720E /* Release */ = {
			isa = XCBuildConfiguration;
			buildSettings = {
				ASSETCATALOG_COMPILER_APPICON_NAME = AppIcon;
				DEVELOPMENT_TEAM = JF549H673D;
				INFOPLIST_FILE = SenceDetectDemo/Info.plist;
				LD_RUNPATH_SEARCH_PATHS = "$(inherited) @executable_path/Frameworks";
				PRODUCT_BUNDLE_IDENTIFIER = com.tion126.demo.SenceDetectDemo;
				PRODUCT_NAME = "$(TARGET_NAME)";
				SWIFT_VERSION = 4.0;
				TARGETED_DEVICE_FAMILY = "1,2";
			};
			name = Release;
		};
/* End XCBuildConfiguration section */

/* Begin XCConfigurationList section */
		724F15EB1EE8FC180098720E /* Build configuration list for PBXProject "SenceDetectDemo" */ = {
			isa = XCConfigurationList;
			buildConfigurations = (
				724F16001EE8FC180098720E /* Debug */,
				724F16011EE8FC180098720E /* Release */,
			);
			defaultConfigurationIsVisible = 0;
			defaultConfigurationName = Release;
		};
		724F16021EE8FC180098720E /* Build configuration list for PBXNativeTarget "SenceDetectDemo" */ = {
			isa = XCConfigurationList;
			buildConfigurations = (
				724F16031EE8FC180098720E /* Debug */,
				724F16041EE8FC180098720E /* Release */,
			);
			defaultConfigurationIsVisible = 0;
			defaultConfigurationName = Release;
		};
/* End XCConfigurationList section */
	};
	rootObject = 724F15E81EE8FC180098720E /* Project object */;
}
